{
  "object": {
    "pins": [
      {
        "package": "console-kit",
        "repositoryURL": "https://github.com/vapor/console-kit.git",
        "state": {
          "branch": "master",
          "revision": "de99d83c9f3c298371002729cc0601e4b5d9e0c9",
          "version": null
        }
      },
      {
        "package": "mustache",
        "repositoryURL": "https://github.com/tanner0101/mustache.git",
        "state": {
          "branch": "master",
          "revision": "94104a84964fabb9c4b2dfb792ea6e655e79a0bf",
          "version": null
        }
      },
      {
        "package": "swift-log",
        "repositoryURL": "https://github.com/apple/swift-log.git",
        "state": {
          "branch": null,
          "revision": "74d7b91ceebc85daf387ebb206003f78813f71aa",
          "version": "1.2.0"
        }
      },
      {
        "package": "swift-nio",
        "repositoryURL": "https://github.com/apple/swift-nio.git",
        "state": {
          "branch": "master",
          "revision": "648a6712ff8a62f5c85274f7b8e9df43ba8c1058",
          "version": null
        }
      },
      {
        "package": "Yams",
        "repositoryURL": "https://github.com/jpsim/Yams.git",
        "state": {
          "branch": "master",
          "revision": "5fa313eae1ca127ad3c706e14c564399989cb1b1",
          "version": null
        }
      }
    ]
  },
  "version": 1
}
